{
  "name": "rn-ota-server-fixture-gen",
  "lockfileVersion": 3,
  "requires": true,
  "packages": {
    "": {
      "name": "rn-ota-server-fixture-gen",
      "dependencies": {
        "@hot-updater/js": "0.35.8",
        "@hot-updater/plugin-core": "0.35.8",
        "@hot-updater/server": "0.35.8",
        "semver": "7.8.5"
      }
    },
    "node_modules/@hot-updater/bsdiff": {
      "version": "0.35.8",
      "resolved": "https://registry.npmjs.org/@hot-updater/bsdiff/-/bsdiff-0.35.8.tgz",
      "integrity": "sha512-WMIWCAbFoon2/JkR8Fg1PYDH+0WNc97Ulm+J+S5kD6Jv51noonBI5vg9Uj2SgSNT5mRBhfuFImM0L0yXLxiMqw==",
      "license": "MIT AND BSD-2-Clause AND bzip2-1.0.6"
    },
    "node_modules/@hot-updater/core": {
      "version": "0.35.8",
      "resolved": "https://registry.npmjs.org/@hot-updater/core/-/core-0.35.8.tgz",
      "integrity": "sha512-WqXFaKXhcuRIUDkSA31ZvZ5Aqi8+9kbIbKTsXu7R6cOOUPt8B3yQ+1kDfn6cGjhDyG3w9xxQsam6rXhccx6enQ==",
      "license": "MIT"
    },
    "node_modules/@hot-updater/js": {
      "version": "0.35.8",
      "resolved": "https://registry.npmjs.org/@hot-updater/js/-/js-0.35.8.tgz",
      "integrity": "sha512-fR4QIC+bNHUuUOvmYBpMnPRHpc30hIWRVPhcDtsvxkkcpaBRCXnXTWJvWCMvkrsLn79TULe3esOD7nYjC/eXXQ==",
      "license": "MIT",
      "dependencies": {
        "@hot-updater/core": "0.35.8"
      }
    },
    "node_modules/@hot-updater/plugin-core": {
      "version": "0.35.8",
      "resolved": "https://registry.npmjs.org/@hot-updater/plugin-core/-/plugin-core-0.35.8.tgz",
      "integrity": "sha512-HjcT3R+vPYzpnz+g0qGBbIK5Gal8W/DPgkp+RQL7+p64CLtLyZv1SHyhlZ4iZlSrjpDO0HHOAYq1fb8vBFCofA==",
      "license": "MIT",
      "dependencies": {
        "@hot-updater/core": "0.35.8",
        "@hot-updater/js": "0.35.8",
        "es-toolkit": "^1.32.0",
        "mime": "^4.0.4",
        "semver": "^7.7.2"
      }
    },
    "node_modules/@hot-updater/server": {
      "version": "0.35.8",
      "resolved": "https://registry.npmjs.org/@hot-updater/server/-/server-0.35.8.tgz",
      "integrity": "sha512-jSCO7T1PgWBcqCvfznLLJM/Ble+85hIoK+Yc/cNyPnYs8R25s8FrgV2kUsJq3xmAOYXBna2iIAbPAe/rrMZVVg==",
      "license": "MIT",
      "dependencies": {
        "@hot-updater/bsdiff": "0.35.8",
        "@hot-updater/core": "0.35.8",
        "@hot-updater/js": "0.35.8",
        "@hot-updater/plugin-core": "0.35.8",
        "rou3": "0.7.9",
        "semver": "^7.7.2"
      },
      "peerDependencies": {
        "@prisma/client": "*",
        "drizzle-orm": "*",
        "kysely": "*",
        "mongodb": "*"
      },
      "peerDependenciesMeta": {
        "@prisma/client": {
          "optional": true
        },
        "drizzle-orm": {
          "optional": true
        },
        "kysely": {
          "optional": true
        },
        "mongodb": {
          "optional": true
        }
      }
    },
    "node_modules/es-toolkit": {
      "version": "1.50.0",
      "resolved": "https://registry.npmjs.org/es-toolkit/-/es-toolkit-1.50.0.tgz",
      "integrity": "sha512-OyZKhUVvEep9ITEiwHn8GKnMRQIVqoSIX7WnRbkWgJkllCujilqP2rD0u979tkl8wqyc8ICwlc1UBVv/Sl1G6w==",
      "license": "MIT",
      "workspaces": [
        "docs",
        "benchmarks",
        "tests/types"
      ]
    },
    "node_modules/mime": {
      "version": "4.1.0",
      "resolved": "https://registry.npmjs.org/mime/-/mime-4.1.0.tgz",
      "integrity": "sha512-X5ju04+cAzsojXKes0B/S4tcYtFAJ6tTMuSPBEn9CPGlrWr8Fiw7qYeLT0XyH80HSoAoqWCaz+MWKh22P7G1cw==",
      "funding": [
        "https://github.com/sponsors/broofa"
      ],
      "license": "MIT",
      "bin": {
        "mime": "bin/cli.js"
      },
      "engines": {
        "node": ">=16"
      }
    },
    "node_modules/rou3": {
      "version": "0.7.9",
      "resolved": "https://registry.npmjs.org/rou3/-/rou3-0.7.9.tgz",
      "integrity": "sha512-+JM7c8swGkoXkWRkIz7qpYN9Bls7Rj/vuSGaxtoKHIe8Ba1ci+mXnqzqtJFrXSbvEazNL9v83P2RiXae9NSbfQ==",
      "license": "MIT"
    },
    "node_modules/semver": {
      "version": "7.8.5",
      "resolved": "https://registry.npmjs.org/semver/-/semver-7.8.5.tgz",
      "integrity": "sha512-Y7/KDsb8LjooZpwaqGyulO6DQlksgCncchHGk+sZIY4SBvUocMBEFH5Ur1fI4dV+Jvl0w6cjvucaIi40puRioA==",
      "license": "ISC",
      "bin": {
        "semver": "bin/semver.js"
      },
      "engines": {
        "node": ">=10"
      }
    }
  }
}
