{
  "name": "rn-ota-server-fixture-gen",
  "lockfileVersion": 3,
  "requires": true,
  "packages": {
    "": {
      "name": "rn-ota-server-fixture-gen",
      "dependencies": {
        "@hot-updater/js": "0.35.12",
        "@hot-updater/plugin-core": "0.35.12",
        "@hot-updater/server": "0.35.12",
        "verkit": "0.3.2"
      }
    },
    "node_modules/@hot-updater/bsdiff": {
      "version": "0.35.12",
      "resolved": "https://registry.npmjs.org/@hot-updater/bsdiff/-/bsdiff-0.35.12.tgz",
      "integrity": "sha512-nY6/hwJHN+JE3sTQVGeqKueWwZAGdTOSjehQkZuDdD9lYjpx26TTSUClM/g6O6Rpq90ySMDUw4U8rZJWjTM3qA==",
      "license": "MIT AND BSD-2-Clause AND bzip2-1.0.6"
    },
    "node_modules/@hot-updater/core": {
      "version": "0.35.12",
      "resolved": "https://registry.npmjs.org/@hot-updater/core/-/core-0.35.12.tgz",
      "integrity": "sha512-vV9c4qplhYRr851RbrrfVruMIir82j6aHyxu2dgrK/gaavtXDL0xHDNAJ/Sf8fYjrn389ux0/QuIJTJTYXf0VQ==",
      "license": "MIT"
    },
    "node_modules/@hot-updater/js": {
      "version": "0.35.12",
      "resolved": "https://registry.npmjs.org/@hot-updater/js/-/js-0.35.12.tgz",
      "integrity": "sha512-Z5+ShJAh/6IKJbjiLeoUIFP4qnAKfFUWMgO5daDnuCfC5mkwKBv+4UNZQr4UATQPv+Uh6vV725XTMKn50LbVTw==",
      "license": "MIT",
      "dependencies": {
        "@hot-updater/core": "0.35.12"
      }
    },
    "node_modules/@hot-updater/plugin-core": {
      "version": "0.35.12",
      "resolved": "https://registry.npmjs.org/@hot-updater/plugin-core/-/plugin-core-0.35.12.tgz",
      "integrity": "sha512-hTKqph5FwQQpLqxsQ00kNETrvp4e6Ha4UboZLy2aTo3xd/rljErejOra+6dvotXizgS+gWbkgNw45m8EVMDEIA==",
      "license": "MIT",
      "dependencies": {
        "@hot-updater/core": "0.35.12",
        "@hot-updater/js": "0.35.12",
        "es-toolkit": "^1.32.0",
        "mime": "^4.0.4",
        "verkit": "0.3.2"
      }
    },
    "node_modules/@hot-updater/server": {
      "version": "0.35.12",
      "resolved": "https://registry.npmjs.org/@hot-updater/server/-/server-0.35.12.tgz",
      "integrity": "sha512-hStSGJuHN2hzi8za4AeJC+Ay4yb9r3ombqt+n6PcBnO4QzqK8PkGOBpMYkO7jeSnVOANw3WzffHhdulQvm2tcw==",
      "license": "MIT",
      "dependencies": {
        "@hot-updater/bsdiff": "0.35.12",
        "@hot-updater/core": "0.35.12",
        "@hot-updater/js": "0.35.12",
        "@hot-updater/plugin-core": "0.35.12",
        "rou3": "0.7.9",
        "verkit": "0.3.2"
      },
      "peerDependencies": {
        "@prisma/client": "*",
        "drizzle-orm": "*",
        "kysely": "*",
        "mongodb": "*"
      },
      "peerDependenciesMeta": {
        "@prisma/client": {
          "optional": true
        },
        "drizzle-orm": {
          "optional": true
        },
        "kysely": {
          "optional": true
        },
        "mongodb": {
          "optional": true
        }
      }
    },
    "node_modules/es-toolkit": {
      "version": "1.50.0",
      "resolved": "https://registry.npmjs.org/es-toolkit/-/es-toolkit-1.50.0.tgz",
      "integrity": "sha512-OyZKhUVvEep9ITEiwHn8GKnMRQIVqoSIX7WnRbkWgJkllCujilqP2rD0u979tkl8wqyc8ICwlc1UBVv/Sl1G6w==",
      "license": "MIT",
      "workspaces": [
        "docs",
        "benchmarks",
        "tests/types"
      ]
    },
    "node_modules/mime": {
      "version": "4.1.0",
      "resolved": "https://registry.npmjs.org/mime/-/mime-4.1.0.tgz",
      "integrity": "sha512-X5ju04+cAzsojXKes0B/S4tcYtFAJ6tTMuSPBEn9CPGlrWr8Fiw7qYeLT0XyH80HSoAoqWCaz+MWKh22P7G1cw==",
      "funding": [
        "https://github.com/sponsors/broofa"
      ],
      "license": "MIT",
      "bin": {
        "mime": "bin/cli.js"
      },
      "engines": {
        "node": ">=16"
      }
    },
    "node_modules/rou3": {
      "version": "0.7.9",
      "resolved": "https://registry.npmjs.org/rou3/-/rou3-0.7.9.tgz",
      "integrity": "sha512-+JM7c8swGkoXkWRkIz7qpYN9Bls7Rj/vuSGaxtoKHIe8Ba1ci+mXnqzqtJFrXSbvEazNL9v83P2RiXae9NSbfQ==",
      "license": "MIT"
    },
    "node_modules/verkit": {
      "version": "0.3.2",
      "resolved": "https://registry.npmjs.org/verkit/-/verkit-0.3.2.tgz",
      "integrity": "sha512-zj/ob3UsvJGN0whEAKFp53REA5X66hvffVqoCtVQAakJKnKlH+/PcOfMoFwIG/o4rElqLv/ycAFlx8ZlXUorCg==",
      "license": "MIT",
      "engines": {
        "node": ">=18.12.0"
      },
      "funding": {
        "url": "https://github.com/sponsors/sxzz"
      }
    }
  }
}
